
Microsoft Visual Studio Solution File, Format Version 12.00
# Visual Studio 15
VisualStudioVersion = 15.0.28307.489
MinimumVisualStudioVersion = 10.0.40219.1
Project("{8BC9CEB8-8B4A-11D0-8D11-00A0C91BC942}") = "MyCloth", "MyCloth\MyCloth.vcxproj", "{B10CBEBD-363D-465F-BBF5-38D2A1FF7632}"
EndProject
Global
	GlobalSection(SolutionConfigurationPlatforms) = preSolution
		Debug|x64 = Debug|x64
		Debug|x86 = Debug|x86
		Release|x64 = Release|x64
		Release|x86 = Release|x86
	EndGlobalSection
	GlobalSection(ProjectConfigurationPlatforms) = postSolution
		{B10CBEBD-363D-465F-BBF5-38D2A1FF7632}.Debug|x64.ActiveCfg = Debug|x64
		{B10CBEBD-363D-465F-BBF5-38D2A1FF7632}.Debug|x64.Build.0 = Debug|x64
		{B10CBEBD-363D-465F-BBF5-38D2A1FF7632}.Debug|x86.ActiveCfg = Debug|Win32
		{B10CBEBD-363D-465F-BBF5-38D2A1FF7632}.Debug|x86.Build.0 = Debug|Win32
		{B10CBEBD-363D-465F-BBF5-38D2A1FF7632}.Release|x64.ActiveCfg = Release|x64
		{B10CBEBD-363D-465F-BBF5-38D2A1FF7632}.Release|x64.Build.0 = Release|x64
		{B10CBEBD-363D-465F-BBF5-38D2A1FF7632}.Release|x86.ActiveCfg = Release|Win32
		{B10CBEBD-363D-465F-BBF5-38D2A1FF7632}.Release|x86.Build.0 = Release|Win32
	EndGlobalSection
	GlobalSection(SolutionProperties) = preSolution
		HideSolutionNode = FALSE
	EndGlobalSection
	GlobalSection(ExtensibilityGlobals) = postSolution
		SolutionGuid = {84F1F193-5C6E-426C-B010-6E4E5E0F3DE4}
	EndGlobalSection
EndGlobal
